
Microsoft Visual Studio Solution File, Format Version 12.00
# Visual Studio Version 16
VisualStudioVersion = 16.0.29102.190
MinimumVisualStudioVersion = 10.0.40219.1
Project("{FAE04EC0-301F-11D3-BF4B-00C04F79EFBC}") = "CSV to JSON", "CSV to JSON\CSV to JSON.csproj", "{976B44C6-0C64-4521-A659-F7287A7DB9F8}"
EndProject
Global
	GlobalSection(SolutionConfigurationPlatforms) = preSolution
		Debug|Any CPU = Debug|Any CPU
		Release|Any CPU = Release|Any CPU
	EndGlobalSection
	GlobalSection(ProjectConfigurationPlatforms) = postSolution
		{976B44C6-0C64-4521-A659-F7287A7DB9F8}.Debug|Any CPU.ActiveCfg = Debug|Any CPU
		{976B44C6-0C64-4521-A659-F7287A7DB9F8}.Debug|Any CPU.Build.0 = Debug|Any CPU
		{976B44C6-0C64-4521-A659-F7287A7DB9F8}.Release|Any CPU.ActiveCfg = Release|Any CPU
		{976B44C6-0C64-4521-A659-F7287A7DB9F8}.Release|Any CPU.Build.0 = Release|Any CPU
	EndGlobalSection
	GlobalSection(SolutionProperties) = preSolution
		HideSolutionNode = FALSE
	EndGlobalSection
	GlobalSection(ExtensibilityGlobals) = postSolution
		SolutionGuid = {13F7D152-F42A-4AE1-BE9E-BB04E9B20C4B}
	EndGlobalSection
EndGlobal
